
Microsoft Visual Studio Solution File, Format Version 12.00
# Visual Studio Version 17
VisualStudioVersion = 17.8.34330.188
MinimumVisualStudioVersion = 10.0.40219.1
Project("{FAE04EC0-301F-11D3-BF4B-00C04F79EFBC}") = "CorePath", "CorePath\CorePath.csproj", "{55BD20AB-5B19-4204-B09E-67C78EC1C4B1}"
EndProject
Project("{FAE04EC0-301F-11D3-BF4B-00C04F79EFBC}") = "CorePath.MSTest", "CorePath.MSTest\CorePath.MSTest.csproj", "{D3754668-7DD1-452D-BA58-D6D78534BF22}"
EndProject
Global
	GlobalSection(SolutionConfigurationPlatforms) = preSolution
		Debug|Any CPU = Debug|Any CPU
		Release|Any CPU = Release|Any CPU
	EndGlobalSection
	GlobalSection(ProjectConfigurationPlatforms) = postSolution
		{55BD20AB-5B19-4204-B09E-67C78EC1C4B1}.Debug|Any CPU.ActiveCfg = Debug|Any CPU
		{55BD20AB-5B19-4204-B09E-67C78EC1C4B1}.Debug|Any CPU.Build.0 = Debug|Any CPU
		{55BD20AB-5B19-4204-B09E-67C78EC1C4B1}.Release|Any CPU.ActiveCfg = Release|Any CPU
		{55BD20AB-5B19-4204-B09E-67C78EC1C4B1}.Release|Any CPU.Build.0 = Release|Any CPU
		{D3754668-7DD1-452D-BA58-D6D78534BF22}.Debug|Any CPU.ActiveCfg = Debug|Any CPU
		{D3754668-7DD1-452D-BA58-D6D78534BF22}.Debug|Any CPU.Build.0 = Debug|Any CPU
		{D3754668-7DD1-452D-BA58-D6D78534BF22}.Release|Any CPU.ActiveCfg = Release|Any CPU
		{D3754668-7DD1-452D-BA58-D6D78534BF22}.Release|Any CPU.Build.0 = Release|Any CPU
	EndGlobalSection
	GlobalSection(SolutionProperties) = preSolution
		HideSolutionNode = FALSE
	EndGlobalSection
	GlobalSection(ExtensibilityGlobals) = postSolution
		SolutionGuid = {3AD3CC88-0E98-4B93-AC42-64E94078B92F}
	EndGlobalSection
EndGlobal
